{
  "name": "front",
  "version": "1.0.0",
  "lockfileVersion": 1,
  "requires": true,
  "dependencies": {
    "konva": {
      "version": "7.2.4",
      "resolved": "https://registry.npmjs.org/konva/-/konva-7.2.4.tgz",
      "integrity": "sha512-i6ShSipM4o3HC3yjuTNHSa18rml7XXJowg942BrCmyyyylg1CefiwN7sZE+0ax8icRfiBSUPjRqzDeNN3aLnoQ=="
    },
    "typescript": {
      "version": "4.2.2",
      "resolved": "https://registry.npmjs.org/typescript/-/typescript-4.2.2.tgz",
      "integrity": "sha512-tbb+NVrLfnsJy3M59lsDgrzWIflR4d4TIUjz+heUnHZwdF7YsrMTKoRERiIvI2lvBG95dfpLxB21WZhys1bgaQ==",
      "dev": true
    }
  }
}
